
Microsoft Visual Studio Solution File, Format Version 12.00
# Visual Studio Version 16
VisualStudioVersion = 16.0.31229.75
MinimumVisualStudioVersion = 10.0.40219.1
Project("{FAE04EC0-301F-11D3-BF4B-00C04F79EFBC}") = "ToDoo.UWP", "ToDoo.UWP\ToDoo.UWP.csproj", "{F99366F2-441C-4B67-85A6-82177C79F4AA}"
EndProject
Project("{FAE04EC0-301F-11D3-BF4B-00C04F79EFBC}") = "ToDoo.Android", "ToDoo.Android\ToDoo.Android.csproj", "{60ECA6C4-B250-4265-B05C-090206924A0E}"
EndProject
Project("{FAE04EC0-301F-11D3-BF4B-00C04F79EFBC}") = "ToDoo.iOS", "ToDoo.iOS\ToDoo.iOS.csproj", "{C35F457D-D739-4D45-BA77-FE4632394987}"
EndProject
Project("{FAE04EC0-301F-11D3-BF4B-00C04F79EFBC}") = "ToDoo", "ToDoo\ToDoo.csproj", "{59AF236A-BDF0-4E3D-916D-95EB4EFEDEC8}"
EndProject
Global
	GlobalSection(SolutionConfigurationPlatforms) = preSolution
		Debug|Any CPU = Debug|Any CPU
		Debug|ARM = Debug|ARM
		Debug|iPhone = Debug|iPhone
		Debug|iPhoneSimulator = Debug|iPhoneSimulator
		Debug|x64 = Debug|x64
		Debug|x86 = Debug|x86
		Release|Any CPU = Release|Any CPU
		Release|ARM = Release|ARM
		Release|iPhone = Release|iPhone
		Release|iPhoneSimulator = Release|iPhoneSimulator
		Release|x64 = Release|x64
		Release|x86 = Release|x86
	EndGlobalSection
	GlobalSection(ProjectConfigurationPlatforms) = postSolution
		{F99366F2-441C-4B67-85A6-82177C79F4AA}.Debug|Any CPU.ActiveCfg = Debug|x86
		{F99366F2-441C-4B67-85A6-82177C79F4AA}.Debug|Any CPU.Build.0 = Debug|x86
		{F99366F2-441C-4B67-85A6-82177C79F4AA}.Debug|Any CPU.Deploy.0 = Debug|x86
		{F99366F2-441C-4B67-85A6-82177C79F4AA}.Debug|ARM.ActiveCfg = Debug|ARM
		{F99366F2-441C-4B67-85A6-82177C79F4AA}.Debug|ARM.Build.0 = Debug|ARM
		{F99366F2-441C-4B67-85A6-82177C79F4AA}.Debug|ARM.Deploy.0 = Debug|ARM
		{F99366F2-441C-4B67-85A6-82177C79F4AA}.Debug|iPhone.ActiveCfg = Debug|x86
		{F99366F2-441C-4B67-85A6-82177C79F4AA}.Debug|iPhone.Build.0 = Debug|x86
		{F99366F2-441C-4B67-85A6-82177C79F4AA}.Debug|iPhone.Deploy.0 = Debug|x86
		{F99366F2-441C-4B67-85A6-82177C79F4AA}.Debug|iPhoneSimulator.ActiveCfg = Debug|x86
		{F99366F2-441C-4B67-85A6-82177C79F4AA}.Debug|iPhoneSimulator.Build.0 = Debug|x86
		{F99366F2-441C-4B67-85A6-82177C79F4AA}.Debug|iPhoneSimulator.Deploy.0 = Debug|x86
		{F99366F2-441C-4B67-85A6-82177C79F4AA}.Debug|x64.ActiveCfg = Debug|x64
		{F99366F2-441C-4B67-85A6-82177C79F4AA}.Debug|x64.Build.0 = Debug|x64
		{F99366F2-441C-4B67-85A6-82177C79F4AA}.Debug|x64.Deploy.0 = Debug|x64
		{F99366F2-441C-4B67-85A6-82177C79F4AA}.Debug|x86.ActiveCfg = Debug|x86
		{F99366F2-441C-4B67-85A6-82177C79F4AA}.Debug|x86.Build.0 = Debug|x86
		{F99366F2-441C-4B67-85A6-82177C79F4AA}.Debug|x86.Deploy.0 = Debug|x86
		{F99366F2-441C-4B67-85A6-82177C79F4AA}.Release|Any CPU.ActiveCfg = Release|x86
		{F99366F2-441C-4B67-85A6-82177C79F4AA}.Release|Any CPU.Build.0 = Release|x86
		{F99366F2-441C-4B67-85A6-82177C79F4AA}.Release|Any CPU.Deploy.0 = Release|x86
		{F99366F2-441C-4B67-85A6-82177C79F4AA}.Release|ARM.ActiveCfg = Release|ARM
		{F99366F2-441C-4B67-85A6-82177C79F4AA}.Release|ARM.Build.0 = Release|ARM
		{F99366F2-441C-4B67-85A6-82177C79F4AA}.Release|ARM.Deploy.0 = Release|ARM
		{F99366F2-441C-4B67-85A6-82177C79F4AA}.Release|iPhone.ActiveCfg = Release|x86
		{F99366F2-441C-4B67-85A6-82177C79F4AA}.Release|iPhone.Build.0 = Release|x86
		{F99366F2-441C-4B67-85A6-82177C79F4AA}.Release|iPhone.Deploy.0 = Release|x86
		{F99366F2-441C-4B67-85A6-82177C79F4AA}.Release|iPhoneSimulator.ActiveCfg = Release|x86
		{F99366F2-441C-4B67-85A6-82177C79F4AA}.Release|iPhoneSimulator.Build.0 = Release|x86
		{F99366F2-441C-4B67-85A6-82177C79F4AA}.Release|iPhoneSimulator.Deploy.0 = Release|x86
		{F99366F2-441C-4B67-85A6-82177C79F4AA}.Release|x64.ActiveCfg = Release|x64
		{F99366F2-441C-4B67-85A6-82177C79F4AA}.Release|x64.Build.0 = Release|x64
		{F99366F2-441C-4B67-85A6-82177C79F4AA}.Release|x64.Deploy.0 = Release|x64
		{F99366F2-441C-4B67-85A6-82177C79F4AA}.Release|x86.ActiveCfg = Release|x86
		{F99366F2-441C-4B67-85A6-82177C79F4AA}.Release|x86.Build.0 = Release|x86
		{F99366F2-441C-4B67-85A6-82177C79F4AA}.Release|x86.Deploy.0 = Release|x86
		{60ECA6C4-B250-4265-B05C-090206924A0E}.Debug|Any CPU.ActiveCfg = Debug|Any CPU
		{60ECA6C4-B250-4265-B05C-090206924A0E}.Debug|Any CPU.Build.0 = Debug|Any CPU
		{60ECA6C4-B250-4265-B05C-090206924A0E}.Debug|Any CPU.Deploy.0 = Debug|Any CPU
		{60ECA6C4-B250-4265-B05C-090206924A0E}.Debug|ARM.ActiveCfg = Debug|Any CPU
		{60ECA6C4-B250-4265-B05C-090206924A0E}.Debug|ARM.Build.0 = Debug|Any CPU
		{60ECA6C4-B250-4265-B05C-090206924A0E}.Debug|ARM.Deploy.0 = Debug|Any CPU
		{60ECA6C4-B250-4265-B05C-090206924A0E}.Debug|iPhone.ActiveCfg = Debug|Any CPU
		{60ECA6C4-B250-4265-B05C-090206924A0E}.Debug|iPhone.Build.0 = Debug|Any CPU
		{60ECA6C4-B250-4265-B05C-090206924A0E}.Debug|iPhone.Deploy.0 = Debug|Any CPU
		{60ECA6C4-B250-4265-B05C-090206924A0E}.Debug|iPhoneSimulator.ActiveCfg = Debug|Any CPU
		{60ECA6C4-B250-4265-B05C-090206924A0E}.Debug|iPhoneSimulator.Build.0 = Debug|Any CPU
		{60ECA6C4-B250-4265-B05C-090206924A0E}.Debug|iPhoneSimulator.Deploy.0 = Debug|Any CPU
		{60ECA6C4-B250-4265-B05C-090206924A0E}.Debug|x64.ActiveCfg = Debug|Any CPU
		{60ECA6C4-B250-4265-B05C-090206924A0E}.Debug|x64.Build.0 = Debug|Any CPU
		{60ECA6C4-B250-4265-B05C-090206924A0E}.Debug|x64.Deploy.0 = Debug|Any CPU
		{60ECA6C4-B250-4265-B05C-090206924A0E}.Debug|x86.ActiveCfg = Debug|Any CPU
		{60ECA6C4-B250-4265-B05C-090206924A0E}.Debug|x86.Build.0 = Debug|Any CPU
		{60ECA6C4-B250-4265-B05C-090206924A0E}.Debug|x86.Deploy.0 = Debug|Any CPU
		{60ECA6C4-B250-4265-B05C-090206924A0E}.Release|Any CPU.ActiveCfg = Release|Any CPU
		{60ECA6C4-B250-4265-B05C-090206924A0E}.Release|Any CPU.Build.0 = Release|Any CPU
		{60ECA6C4-B250-4265-B05C-090206924A0E}.Release|Any CPU.Deploy.0 = Release|Any CPU
		{60ECA6C4-B250-4265-B05C-090206924A0E}.Release|ARM.ActiveCfg = Release|Any CPU
		{60ECA6C4-B250-4265-B05C-090206924A0E}.Release|ARM.Build.0 = Release|Any CPU
		{60ECA6C4-B250-4265-B05C-090206924A0E}.Release|ARM.Deploy.0 = Release|Any CPU
		{60ECA6C4-B250-4265-B05C-090206924A0E}.Release|iPhone.ActiveCfg = Release|Any CPU
		{60ECA6C4-B250-4265-B05C-090206924A0E}.Release|iPhone.Build.0 = Release|Any CPU
		{60ECA6C4-B250-4265-B05C-090206924A0E}.Release|iPhone.Deploy.0 = Release|Any CPU
		{60ECA6C4-B250-4265-B05C-090206924A0E}.Release|iPhoneSimulator.ActiveCfg = Release|Any CPU
		{60ECA6C4-B250-4265-B05C-090206924A0E}.Release|iPhoneSimulator.Build.0 = Release|Any CPU
		{60ECA6C4-B250-4265-B05C-090206924A0E}.Release|iPhoneSimulator.Deploy.0 = Release|Any CPU
		{60ECA6C4-B250-4265-B05C-090206924A0E}.Release|x64.ActiveCfg = Release|Any CPU
		{60ECA6C4-B250-4265-B05C-090206924A0E}.Release|x64.Build.0 = Release|Any CPU
		{60ECA6C4-B250-4265-B05C-090206924A0E}.Release|x64.Deploy.0 = Release|Any CPU
		{60ECA6C4-B250-4265-B05C-090206924A0E}.Release|x86.ActiveCfg = Release|Any CPU
		{60ECA6C4-B250-4265-B05C-090206924A0E}.Release|x86.Build.0 = Release|Any CPU
		{60ECA6C4-B250-4265-B05C-090206924A0E}.Release|x86.Deploy.0 = Release|Any CPU
		{C35F457D-D739-4D45-BA77-FE4632394987}.Debug|Any CPU.ActiveCfg = Debug|iPhoneSimulator
		{C35F457D-D739-4D45-BA77-FE4632394987}.Debug|Any CPU.Build.0 = Debug|iPhoneSimulator
		{C35F457D-D739-4D45-BA77-FE4632394987}.Debug|Any CPU.Deploy.0 = Debug|iPhoneSimulator
		{C35F457D-D739-4D45-BA77-FE4632394987}.Debug|ARM.ActiveCfg = Debug|iPhone
		{C35F457D-D739-4D45-BA77-FE4632394987}.Debug|ARM.Build.0 = Debug|iPhone
		{C35F457D-D739-4D45-BA77-FE4632394987}.Debug|ARM.Deploy.0 = Debug|iPhone
		{C35F457D-D739-4D45-BA77-FE4632394987}.Debug|iPhone.ActiveCfg = Debug|iPhone
		{C35F457D-D739-4D45-BA77-FE4632394987}.Debug|iPhone.Build.0 = Debug|iPhone
		{C35F457D-D739-4D45-BA77-FE4632394987}.Debug|iPhone.Deploy.0 = Debug|iPhone
		{C35F457D-D739-4D45-BA77-FE4632394987}.Debug|iPhoneSimulator.ActiveCfg = Debug|iPhoneSimulator
		{C35F457D-D739-4D45-BA77-FE4632394987}.Debug|iPhoneSimulator.Build.0 = Debug|iPhoneSimulator
		{C35F457D-D739-4D45-BA77-FE4632394987}.Debug|iPhoneSimulator.Deploy.0 = Debug|iPhoneSimulator
		{C35F457D-D739-4D45-BA77-FE4632394987}.Debug|x64.ActiveCfg = Debug|iPhoneSimulator
		{C35F457D-D739-4D45-BA77-FE4632394987}.Debug|x64.Build.0 = Debug|iPhoneSimulator
		{C35F457D-D739-4D45-BA77-FE4632394987}.Debug|x64.Deploy.0 = Debug|iPhoneSimulator
		{C35F457D-D739-4D45-BA77-FE4632394987}.Debug|x86.ActiveCfg = Debug|iPhoneSimulator
		{C35F457D-D739-4D45-BA77-FE4632394987}.Debug|x86.Build.0 = Debug|iPhoneSimulator
		{C35F457D-D739-4D45-BA77-FE4632394987}.Debug|x86.Deploy.0 = Debug|iPhoneSimulator
		{C35F457D-D739-4D45-BA77-FE4632394987}.Release|Any CPU.ActiveCfg = Release|iPhoneSimulator
		{C35F457D-D739-4D45-BA77-FE4632394987}.Release|Any CPU.Build.0 = Release|iPhoneSimulator
		{C35F457D-D739-4D45-BA77-FE4632394987}.Release|Any CPU.Deploy.0 = Release|iPhoneSimulator
		{C35F457D-D739-4D45-BA77-FE4632394987}.Release|ARM.ActiveCfg = Release|iPhoneSimulator
		{C35F457D-D739-4D45-BA77-FE4632394987}.Release|ARM.Build.0 = Release|iPhoneSimulator
		{C35F457D-D739-4D45-BA77-FE4632394987}.Release|ARM.Deploy.0 = Release|iPhoneSimulator
		{C35F457D-D739-4D45-BA77-FE4632394987}.Release|iPhone.ActiveCfg = Release|iPhone
		{C35F457D-D739-4D45-BA77-FE4632394987}.Release|iPhone.Build.0 = Release|iPhone
		{C35F457D-D739-4D45-BA77-FE4632394987}.Release|iPhone.Deploy.0 = Release|iPhone
		{C35F457D-D739-4D45-BA77-FE4632394987}.Release|iPhoneSimulator.ActiveCfg = Release|iPhoneSimulator
		{C35F457D-D739-4D45-BA77-FE4632394987}.Release|iPhoneSimulator.Build.0 = Release|iPhoneSimulator
		{C35F457D-D739-4D45-BA77-FE4632394987}.Release|iPhoneSimulator.Deploy.0 = Release|iPhoneSimulator
		{C35F457D-D739-4D45-BA77-FE4632394987}.Release|x64.ActiveCfg = Release|iPhoneSimulator
		{C35F457D-D739-4D45-BA77-FE4632394987}.Release|x64.Build.0 = Release|iPhoneSimulator
		{C35F457D-D739-4D45-BA77-FE4632394987}.Release|x64.Deploy.0 = Release|iPhoneSimulator
		{C35F457D-D739-4D45-BA77-FE4632394987}.Release|x86.ActiveCfg = Release|iPhoneSimulator
		{C35F457D-D739-4D45-BA77-FE4632394987}.Release|x86.Build.0 = Release|iPhoneSimulator
		{C35F457D-D739-4D45-BA77-FE4632394987}.Release|x86.Deploy.0 = Release|iPhoneSimulator
		{59AF236A-BDF0-4E3D-916D-95EB4EFEDEC8}.Debug|Any CPU.ActiveCfg = Debug|Any CPU
		{59AF236A-BDF0-4E3D-916D-95EB4EFEDEC8}.Debug|Any CPU.Build.0 = Debug|Any CPU
		{59AF236A-BDF0-4E3D-916D-95EB4EFEDEC8}.Debug|Any CPU.Deploy.0 = Debug|Any CPU
		{59AF236A-BDF0-4E3D-916D-95EB4EFEDEC8}.Debug|ARM.ActiveCfg = Debug|Any CPU
		{59AF236A-BDF0-4E3D-916D-95EB4EFEDEC8}.Debug|ARM.Build.0 = Debug|Any CPU
		{59AF236A-BDF0-4E3D-916D-95EB4EFEDEC8}.Debug|ARM.Deploy.0 = Debug|Any CPU
		{59AF236A-BDF0-4E3D-916D-95EB4EFEDEC8}.Debug|iPhone.ActiveCfg = Debug|Any CPU
		{59AF236A-BDF0-4E3D-916D-95EB4EFEDEC8}.Debug|iPhone.Build.0 = Debug|Any CPU
		{59AF236A-BDF0-4E3D-916D-95EB4EFEDEC8}.Debug|iPhone.Deploy.0 = Debug|Any CPU
		{59AF236A-BDF0-4E3D-916D-95EB4EFEDEC8}.Debug|iPhoneSimulator.ActiveCfg = Debug|Any CPU
		{59AF236A-BDF0-4E3D-916D-95EB4EFEDEC8}.Debug|iPhoneSimulator.Build.0 = Debug|Any CPU
		{59AF236A-BDF0-4E3D-916D-95EB4EFEDEC8}.Debug|iPhoneSimulator.Deploy.0 = Debug|Any CPU
		{59AF236A-BDF0-4E3D-916D-95EB4EFEDEC8}.Debug|x64.ActiveCfg = Debug|Any CPU
		{59AF236A-BDF0-4E3D-916D-95EB4EFEDEC8}.Debug|x64.Build.0 = Debug|Any CPU
		{59AF236A-BDF0-4E3D-916D-95EB4EFEDEC8}.Debug|x64.Deploy.0 = Debug|Any CPU
		{59AF236A-BDF0-4E3D-916D-95EB4EFEDEC8}.Debug|x86.ActiveCfg = Debug|Any CPU
		{59AF236A-BDF0-4E3D-916D-95EB4EFEDEC8}.Debug|x86.Build.0 = Debug|Any CPU
		{59AF236A-BDF0-4E3D-916D-95EB4EFEDEC8}.Debug|x86.Deploy.0 = Debug|Any CPU
		{59AF236A-BDF0-4E3D-916D-95EB4EFEDEC8}.Release|Any CPU.ActiveCfg = Release|Any CPU
		{59AF236A-BDF0-4E3D-916D-95EB4EFEDEC8}.Release|Any CPU.Build.0 = Release|Any CPU
		{59AF236A-BDF0-4E3D-916D-95EB4EFEDEC8}.Release|Any CPU.Deploy.0 = Release|Any CPU
		{59AF236A-BDF0-4E3D-916D-95EB4EFEDEC8}.Release|ARM.ActiveCfg = Release|Any CPU
		{59AF236A-BDF0-4E3D-916D-95EB4EFEDEC8}.Release|ARM.Build.0 = Release|Any CPU
		{59AF236A-BDF0-4E3D-916D-95EB4EFEDEC8}.Release|ARM.Deploy.0 = Release|Any CPU
		{59AF236A-BDF0-4E3D-916D-95EB4EFEDEC8}.Release|iPhone.ActiveCfg = Release|Any CPU
		{59AF236A-BDF0-4E3D-916D-95EB4EFEDEC8}.Release|iPhone.Build.0 = Release|Any CPU
		{59AF236A-BDF0-4E3D-916D-95EB4EFEDEC8}.Release|iPhone.Deploy.0 = Release|Any CPU
		{59AF236A-BDF0-4E3D-916D-95EB4EFEDEC8}.Release|iPhoneSimulator.ActiveCfg = Release|Any CPU
		{59AF236A-BDF0-4E3D-916D-95EB4EFEDEC8}.Release|iPhoneSimulator.Build.0 = Release|Any CPU
		{59AF236A-BDF0-4E3D-916D-95EB4EFEDEC8}.Release|iPhoneSimulator.Deploy.0 = Release|Any CPU
		{59AF236A-BDF0-4E3D-916D-95EB4EFEDEC8}.Release|x64.ActiveCfg = Release|Any CPU
		{59AF236A-BDF0-4E3D-916D-95EB4EFEDEC8}.Release|x64.Build.0 = Release|Any CPU
		{59AF236A-BDF0-4E3D-916D-95EB4EFEDEC8}.Release|x64.Deploy.0 = Release|Any CPU
		{59AF236A-BDF0-4E3D-916D-95EB4EFEDEC8}.Release|x86.ActiveCfg = Release|Any CPU
		{59AF236A-BDF0-4E3D-916D-95EB4EFEDEC8}.Release|x86.Build.0 = Release|Any CPU
		{59AF236A-BDF0-4E3D-916D-95EB4EFEDEC8}.Release|x86.Deploy.0 = Release|Any CPU
	EndGlobalSection
	GlobalSection(SolutionProperties) = preSolution
		HideSolutionNode = FALSE
	EndGlobalSection
	GlobalSection(ExtensibilityGlobals) = postSolution
		SolutionGuid = {280A60B4-0905-48C4-B625-DDDCB9DA3B79}
	EndGlobalSection
EndGlobal
